// !$*UTF8*$!
{
	archiveVersion = 1;
	classes = {
	};
	objectVersion = 50;
	objects = {

/* Begin PBXBuildFile section */
		173577AF22075D9B00F28872 /* Recipes.json in Resources */ = {isa = PBXBuildFile; fileRef = 173577AE22075D9B00F28872 /* Recipes.json */; };
		173577B122075E1800F28872 /* Food.swift in Sources */ = {isa = PBXBuildFile; fileRef = 173577B022075E1800F28872 /* Food.swift */; };
		173577B4220760C500F28872 /* Utilities.swift in Sources */ = {isa = PBXBuildFile; fileRef = 173577B3220760C500F28872 /* Utilities.swift */; };
		173577B62207610600F28872 /* RecipesViewController.swift in Sources */ = {isa = PBXBuildFile; fileRef = 173577B52207610600F28872 /* RecipesViewController.swift */; };
		173577B82207648000F28872 /* RecipeCollectionViewCell.swift in Sources */ = {isa = PBXBuildFile; fileRef = 173577B72207648000F28872 /* RecipeCollectionViewCell.swift */; };
		173577BA220764A400F28872 /* ExpiringFoodTableViewCell.swift in Sources */ = {isa = PBXBuildFile; fileRef = 173577B9220764A400F28872 /* ExpiringFoodTableViewCell.swift */; };
		173577BE2207968100F28872 /* RecipeDetailViewController.swift in Sources */ = {isa = PBXBuildFile; fileRef = 173577BD2207968100F28872 /* RecipeDetailViewController.swift */; };
		174A93C0220DCEC8003047BA /* Recipe.swift in Sources */ = {isa = PBXBuildFile; fileRef = 174A93BF220DCEC8003047BA /* Recipe.swift */; };
		174A93C2220DDF9C003047BA /* IngredientListTableViewCell.swift in Sources */ = {isa = PBXBuildFile; fileRef = 174A93C1220DDF9C003047BA /* IngredientListTableViewCell.swift */; };
		DEF10A222204A7B700C594CD /* AppDelegate.swift in Sources */ = {isa = PBXBuildFile; fileRef = DEF10A212204A7B700C594CD /* AppDelegate.swift */; };
		DEF10A242204A7B700C594CD /* ViewController.swift in Sources */ = {isa = PBXBuildFile; fileRef = DEF10A232204A7B700C594CD /* ViewController.swift */; };
		DEF10A272204A7B700C594CD /* Main.storyboard in Resources */ = {isa = PBXBuildFile; fileRef = DEF10A252204A7B700C594CD /* Main.storyboard */; };
		DEF10A292204A7B800C594CD /* Assets.xcassets in Resources */ = {isa = PBXBuildFile; fileRef = DEF10A282204A7B800C594CD /* Assets.xcassets */; };
		DEF10A2C2204A7B800C594CD /* LaunchScreen.storyboard in Resources */ = {isa = PBXBuildFile; fileRef = DEF10A2A2204A7B800C594CD /* LaunchScreen.storyboard */; };
		DEF10A3B2204AC7800C594CD /* PantryStoryboard.storyboard in Resources */ = {isa = PBXBuildFile; fileRef = DEF10A3A2204AC7800C594CD /* PantryStoryboard.storyboard */; };
		DEF10A3E2204AC9600C594CD /* ShoppingListStoryboard.storyboard in Resources */ = {isa = PBXBuildFile; fileRef = DEF10A3D2204AC9600C594CD /* ShoppingListStoryboard.storyboard */; };
		DEF10A402204AD5B00C594CD /* RecipesStoryboard.storyboard in Resources */ = {isa = PBXBuildFile; fileRef = DEF10A3F2204AD5B00C594CD /* RecipesStoryboard.storyboard */; };
/* End PBXBuildFile section */

/* Begin PBXFileReference section */
		173577AE22075D9B00F28872 /* Recipes.json */ = {isa = PBXFileReference; lastKnownFileType = text.json; path = Recipes.json; sourceTree = "<group>"; };
		173577B022075E1800F28872 /* Food.swift */ = {isa = PBXFileReference; lastKnownFileType = sourcecode.swift; path = Food.swift; sourceTree = "<group>"; };
		173577B3220760C500F28872 /* Utilities.swift */ = {isa = PBXFileReference; lastKnownFileType = sourcecode.swift; path = Utilities.swift; sourceTree = "<group>"; };
		173577B52207610600F28872 /* RecipesViewController.swift */ = {isa = PBXFileReference; lastKnownFileType = sourcecode.swift; path = RecipesViewController.swift; sourceTree = "<group>"; };
		173577B72207648000F28872 /* RecipeCollectionViewCell.swift */ = {isa = PBXFileReference; lastKnownFileType = sourcecode.swift; path = RecipeCollectionViewCell.swift; sourceTree = "<group>"; };
		173577B9220764A400F28872 /* ExpiringFoodTableViewCell.swift */ = {isa = PBXFileReference; lastKnownFileType = sourcecode.swift; path = ExpiringFoodTableViewCell.swift; sourceTree = "<group>"; };
		173577BD2207968100F28872 /* RecipeDetailViewController.swift */ = {isa = PBXFileReference; lastKnownFileType = sourcecode.swift; path = RecipeDetailViewController.swift; sourceTree = "<group>"; };
		174A93BF220DCEC8003047BA /* Recipe.swift */ = {isa = PBXFileReference; lastKnownFileType = sourcecode.swift; path = Recipe.swift; sourceTree = "<group>"; };
		174A93C1220DDF9C003047BA /* IngredientListTableViewCell.swift */ = {isa = PBXFileReference; lastKnownFileType = sourcecode.swift; path = IngredientListTableViewCell.swift; sourceTree = "<group>"; };
		DEF10A1E2204A7B700C594CD /* FoodWaste.app */ = {isa = PBXFileReference; explicitFileType = wrapper.application; includeInIndex = 0; path = FoodWaste.app; sourceTree = BUILT_PRODUCTS_DIR; };
		DEF10A212204A7B700C594CD /* AppDelegate.swift */ = {isa = PBXFileReference; lastKnownFileType = sourcecode.swift; path = AppDelegate.swift; sourceTree = "<group>"; };
		DEF10A232204A7B700C594CD /* ViewController.swift */ = {isa = PBXFileReference; lastKnownFileType = sourcecode.swift; path = ViewController.swift; sourceTree = "<group>"; };
		DEF10A262204A7B700C594CD /* Base */ = {isa = PBXFileReference; lastKnownFileType = file.storyboard; name = Base; path = Base.lproj/Main.storyboard; sourceTree = "<group>"; };
		DEF10A282204A7B800C594CD /* Assets.xcassets */ = {isa = PBXFileReference; lastKnownFileType = folder.assetcatalog; path = Assets.xcassets; sourceTree = "<group>"; };
		DEF10A2B2204A7B800C594CD /* Base */ = {isa = PBXFileReference; lastKnownFileType = file.storyboard; name = Base; path = Base.lproj/LaunchScreen.storyboard; sourceTree = "<group>"; };
		DEF10A2D2204A7B800C594CD /* Info.plist */ = {isa = PBXFileReference; lastKnownFileType = text.plist.xml; path = Info.plist; sourceTree = "<group>"; };
		DEF10A3A2204AC7800C594CD /* PantryStoryboard.storyboard */ = {isa = PBXFileReference; lastKnownFileType = file.storyboard; path = PantryStoryboard.storyboard; sourceTree = "<group>"; };
		DEF10A3D2204AC9600C594CD /* ShoppingListStoryboard.storyboard */ = {isa = PBXFileReference; lastKnownFileType = file.storyboard; path = ShoppingListStoryboard.storyboard; sourceTree = "<group>"; };
		DEF10A3F2204AD5B00C594CD /* RecipesStoryboard.storyboard */ = {isa = PBXFileReference; lastKnownFileType = file.storyboard; path = RecipesStoryboard.storyboard; sourceTree = "<group>"; };
/* End PBXFileReference section */

/* Begin PBXFrameworksBuildPhase section */
		DEF10A1B2204A7B700C594CD /* Frameworks */ = {
			isa = PBXFrameworksBuildPhase;
			buildActionMask = 2147483647;
			files = (
			);
			runOnlyForDeploymentPostprocessing = 0;
		};
/* End PBXFrameworksBuildPhase section */

/* Begin PBXGroup section */
		173577A922075A3300F28872 /* Resources */ = {
			isa = PBXGroup;
			children = (
				173577AE22075D9B00F28872 /* Recipes.json */,
			);
			path = Resources;
			sourceTree = "<group>";
		};
		173577AA22075A4700F28872 /* Models */ = {
			isa = PBXGroup;
			children = (
				173577B022075E1800F28872 /* Food.swift */,
				174A93BF220DCEC8003047BA /* Recipe.swift */,
			);
			path = Models;
			sourceTree = "<group>";
		};
		173577AB22075A5600F28872 /* Controllers */ = {
			isa = PBXGroup;
			children = (
				173577B52207610600F28872 /* RecipesViewController.swift */,
				173577BD2207968100F28872 /* RecipeDetailViewController.swift */,
			);
			path = Controllers;
			sourceTree = "<group>";
		};
		173577B2220760B000F28872 /* Utilities */ = {
			isa = PBXGroup;
			children = (
				173577B3220760C500F28872 /* Utilities.swift */,
			);
			path = Utilities;
			sourceTree = "<group>";
		};
		DEF10A152204A7B700C594CD = {
			isa = PBXGroup;
			children = (
				DEF10A202204A7B700C594CD /* FoodWaste */,
				DEF10A1F2204A7B700C594CD /* Products */,
			);
			sourceTree = "<group>";
		};
		DEF10A1F2204A7B700C594CD /* Products */ = {
			isa = PBXGroup;
			children = (
				DEF10A1E2204A7B700C594CD /* FoodWaste.app */,
			);
			name = Products;
			sourceTree = "<group>";
		};
		DEF10A202204A7B700C594CD /* FoodWaste */ = {
			isa = PBXGroup;
			children = (
				DEF10A352204AC0B00C594CD /* ShoppingList */,
				DEF10A342204ABFE00C594CD /* Pantry */,
				DEF10A332204ABDD00C594CD /* Recipes */,
				DEF10A212204A7B700C594CD /* AppDelegate.swift */,
				DEF10A232204A7B700C594CD /* ViewController.swift */,
				DEF10A252204A7B700C594CD /* Main.storyboard */,
				DEF10A282204A7B800C594CD /* Assets.xcassets */,
				DEF10A2A2204A7B800C594CD /* LaunchScreen.storyboard */,
				DEF10A2D2204A7B800C594CD /* Info.plist */,
			);
			path = FoodWaste;
			sourceTree = "<group>";
		};
		DEF10A332204ABDD00C594CD /* Recipes */ = {
			isa = PBXGroup;
			children = (
				173577B2220760B000F28872 /* Utilities */,
				173577AB22075A5600F28872 /* Controllers */,
				173577AA22075A4700F28872 /* Models */,
				173577A922075A3300F28872 /* Resources */,
				DEF10A362204AC2F00C594CD /* Views */,
			);
			path = Recipes;
			sourceTree = "<group>";
		};
		DEF10A342204ABFE00C594CD /* Pantry */ = {
			isa = PBXGroup;
			children = (
				DEF10A392204AC6000C594CD /* Views */,
			);
			path = Pantry;
			sourceTree = "<group>";
		};
		DEF10A352204AC0B00C594CD /* ShoppingList */ = {
			isa = PBXGroup;
			children = (
				DEF10A3C2204AC7F00C594CD /* Views */,
			);
			path = ShoppingList;
			sourceTree = "<group>";
		};
		DEF10A362204AC2F00C594CD /* Views */ = {
			isa = PBXGroup;
			children = (
				DEF10A3F2204AD5B00C594CD /* RecipesStoryboard.storyboard */,
				173577B72207648000F28872 /* RecipeCollectionViewCell.swift */,
				173577B9220764A400F28872 /* ExpiringFoodTableViewCell.swift */,
				174A93C1220DDF9C003047BA /* IngredientListTableViewCell.swift */,
			);
			path = Views;
			sourceTree = "<group>";
		};
		DEF10A392204AC6000C594CD /* Views */ = {
			isa = PBXGroup;
			children = (
				DEF10A3A2204AC7800C594CD /* PantryStoryboard.storyboard */,
			);
			path = Views;
			sourceTree = "<group>";
		};
		DEF10A3C2204AC7F00C594CD /* Views */ = {
			isa = PBXGroup;
			children = (
				DEF10A3D2204AC9600C594CD /* ShoppingListStoryboard.storyboard */,
			);
			path = Views;
			sourceTree = "<group>";
		};
/* End PBXGroup section */

/* Begin PBXNativeTarget section */
		DEF10A1D2204A7B700C594CD /* FoodWaste */ = {
			isa = PBXNativeTarget;
			buildConfigurationList = DEF10A302204A7B800C594CD /* Build configuration list for PBXNativeTarget "FoodWaste" */;
			buildPhases = (
				DEF10A1A2204A7B700C594CD /* Sources */,
				DEF10A1B2204A7B700C594CD /* Frameworks */,
				DEF10A1C2204A7B700C594CD /* Resources */,
			);
			buildRules = (
			);
			dependencies = (
			);
			name = FoodWaste;
			productName = FoodWaste;
			productReference = DEF10A1E2204A7B700C594CD /* FoodWaste.app */;
			productType = "com.apple.product-type.application";
		};
/* End PBXNativeTarget section */

/* Begin PBXProject section */
		DEF10A162204A7B700C594CD /* Project object */ = {
			isa = PBXProject;
			attributes = {
				LastSwiftUpdateCheck = 1010;
				LastUpgradeCheck = 1010;
				ORGANIZATIONNAME = "Michele Mola";
				TargetAttributes = {
					DEF10A1D2204A7B700C594CD = {
						CreatedOnToolsVersion = 10.1;
					};
				};
			};
			buildConfigurationList = DEF10A192204A7B700C594CD /* Build configuration list for PBXProject "FoodWaste" */;
			compatibilityVersion = "Xcode 9.3";
			developmentRegion = en;
			hasScannedForEncodings = 0;
			knownRegions = (
				en,
				Base,
			);
			mainGroup = DEF10A152204A7B700C594CD;
			productRefGroup = DEF10A1F2204A7B700C594CD /* Products */;
			projectDirPath = "";
			projectRoot = "";
			targets = (
				DEF10A1D2204A7B700C594CD /* FoodWaste */,
			);
		};
/* End PBXProject section */

/* Begin PBXResourcesBuildPhase section */
		DEF10A1C2204A7B700C594CD /* Resources */ = {
			isa = PBXResourcesBuildPhase;
			buildActionMask = 2147483647;
			files = (
				DEF10A2C2204A7B800C594CD /* LaunchScreen.storyboard in Resources */,
				DEF10A3E2204AC9600C594CD /* ShoppingListStoryboard.storyboard in Resources */,
				DEF10A292204A7B800C594CD /* Assets.xcassets in Resources */,
				DEF10A272204A7B700C594CD /* Main.storyboard in Resources */,
				DEF10A3B2204AC7800C594CD /* PantryStoryboard.storyboard in Resources */,
				DEF10A402204AD5B00C594CD /* RecipesStoryboard.storyboard in Resources */,
				173577AF22075D9B00F28872 /* Recipes.json in Resources */,
			);
			runOnlyForDeploymentPostprocessing = 0;
		};
/* End PBXResourcesBuildPhase section */

/* Begin PBXSourcesBuildPhase section */
		DEF10A1A2204A7B700C594CD /* Sources */ = {
			isa = PBXSourcesBuildPhase;
			buildActionMask = 2147483647;
			files = (
				173577BE2207968100F28872 /* RecipeDetailViewController.swift in Sources */,
				173577B122075E1800F28872 /* Food.swift in Sources */,
				DEF10A242204A7B700C594CD /* ViewController.swift in Sources */,
				173577BA220764A400F28872 /* ExpiringFoodTableViewCell.swift in Sources */,
				173577B4220760C500F28872 /* Utilities.swift in Sources */,
				173577B82207648000F28872 /* RecipeCollectionViewCell.swift in Sources */,
				174A93C2220DDF9C003047BA /* IngredientListTableViewCell.swift in Sources */,
				174A93C0220DCEC8003047BA /* Recipe.swift in Sources */,
				173577B62207610600F28872 /* RecipesViewController.swift in Sources */,
				DEF10A222204A7B700C594CD /* AppDelegate.swift in Sources */,
			);
			runOnlyForDeploymentPostprocessing = 0;
		};
/* End PBXSourcesBuildPhase section */

/* Begin PBXVariantGroup section */
		DEF10A252204A7B700C594CD /* Main.storyboard */ = {
			isa = PBXVariantGroup;
			children = (
				DEF10A262204A7B700C594CD /* Base */,
			);
			name = Main.storyboard;
			sourceTree = "<group>";
		};
		DEF10A2A2204A7B800C594CD /* LaunchScreen.storyboard */ = {
			isa = PBXVariantGroup;
			children = (
				DEF10A2B2204A7B800C594CD /* Base */,
			);
			name = LaunchScreen.storyboard;
			sourceTree = "<group>";
		};
/* End PBXVariantGroup section */

/* Begin XCBuildConfiguration section */
		DEF10A2E2204A7B800C594CD /* Debug */ = {
			isa = XCBuildConfiguration;
			buildSettings = {
				ALWAYS_SEARCH_USER_PATHS = NO;
				CLANG_ANALYZER_NONNULL = YES;
				CLANG_ANALYZER_NUMBER_OBJECT_CONVERSION = YES_AGGRESSIVE;
				CLANG_CXX_LANGUAGE_STANDARD = "gnu++14";
				CLANG_CXX_LIBRARY = "libc++";
				CLANG_ENABLE_MODULES = YES;
				CLANG_ENABLE_OBJC_ARC = YES;
				CLANG_ENABLE_OBJC_WEAK = YES;
				CLANG_WARN_BLOCK_CAPTURE_AUTORELEASING = YES;
				CLANG_WARN_BOOL_CONVERSION = YES;
				CLANG_WARN_COMMA = YES;
				CLANG_WARN_CONSTANT_CONVERSION = YES;
				CLANG_WARN_DEPRECATED_OBJC_IMPLEMENTATIONS = YES;
				CLANG_WARN_DIRECT_OBJC_ISA_USAGE = YES_ERROR;
				CLANG_WARN_DOCUMENTATION_COMMENTS = YES;
				CLANG_WARN_EMPTY_BODY = YES;
				CLANG_WARN_ENUM_CONVERSION = YES;
				CLANG_WARN_INFINITE_RECURSION = YES;
				CLANG_WARN_INT_CONVERSION = YES;
				CLANG_WARN_NON_LITERAL_NULL_CONVERSION = YES;
				CLANG_WARN_OBJC_IMPLICIT_RETAIN_SELF = YES;
				CLANG_WARN_OBJC_LITERAL_CONVERSION = YES;
				CLANG_WARN_OBJC_ROOT_CLASS = YES_ERROR;
				CLANG_WARN_RANGE_LOOP_ANALYSIS = YES;
				CLANG_WARN_STRICT_PROTOTYPES = YES;
				CLANG_WARN_SUSPICIOUS_MOVE = YES;
				CLANG_WARN_UNGUARDED_AVAILABILITY = YES_AGGRESSIVE;
				CLANG_WARN_UNREACHABLE_CODE = YES;
				CLANG_WARN__DUPLICATE_METHOD_MATCH = YES;
				CODE_SIGN_IDENTITY = "iPhone Developer";
				COPY_PHASE_STRIP = NO;
				DEBUG_INFORMATION_FORMAT = dwarf;
				ENABLE_STRICT_OBJC_MSGSEND = YES;
				ENABLE_TESTABILITY = YES;
				GCC_C_LANGUAGE_STANDARD = gnu11;
				GCC_DYNAMIC_NO_PIC = NO;
				GCC_NO_COMMON_BLOCKS = YES;
				GCC_OPTIMIZATION_LEVEL = 0;
				GCC_PREPROCESSOR_DEFINITIONS = (
					"DEBUG=1",
					"$(inherited)",
				);
				GCC_WARN_64_TO_32_BIT_CONVERSION = YES;
				GCC_WARN_ABOUT_RETURN_TYPE = YES_ERROR;
				GCC_WARN_UNDECLARED_SELECTOR = YES;
				GCC_WARN_UNINITIALIZED_AUTOS = YES_AGGRESSIVE;
				GCC_WARN_UNUSED_FUNCTION = YES;
				GCC_WARN_UNUSED_VARIABLE = YES;
				IPHONEOS_DEPLOYMENT_TARGET = 12.1;
				MTL_ENABLE_DEBUG_INFO = INCLUDE_SOURCE;
				MTL_FAST_MATH = YES;
				ONLY_ACTIVE_ARCH = YES;
				SDKROOT = iphoneos;
				SWIFT_ACTIVE_COMPILATION_CONDITIONS = DEBUG;
				SWIFT_OPTIMIZATION_LEVEL = "-Onone";
			};
			name = Debug;
		};
		DEF10A2F2204A7B800C594CD /* Release */ = {
			isa = XCBuildConfiguration;
			buildSettings = {
				ALWAYS_SEARCH_USER_PATHS = NO;
				CLANG_ANALYZER_NONNULL = YES;
				CLANG_ANALYZER_NUMBER_OBJECT_CONVERSION = YES_AGGRESSIVE;
				CLANG_CXX_LANGUAGE_STANDARD = "gnu++14";
				CLANG_CXX_LIBRARY = "libc++";
				CLANG_ENABLE_MODULES = YES;
				CLANG_ENABLE_OBJC_ARC = YES;
				CLANG_ENABLE_OBJC_WEAK = YES;
				CLANG_WARN_BLOCK_CAPTURE_AUTORELEASING = YES;
				CLANG_WARN_BOOL_CONVERSION = YES;
				CLANG_WARN_COMMA = YES;
				CLANG_WARN_CONSTANT_CONVERSION = YES;
				CLANG_WARN_DEPRECATED_OBJC_IMPLEMENTATIONS = YES;
				CLANG_WARN_DIRECT_OBJC_ISA_USAGE = YES_ERROR;
				CLANG_WARN_DOCUMENTATION_COMMENTS = YES;
				CLANG_WARN_EMPTY_BODY = YES;
				CLANG_WARN_ENUM_CONVERSION = YES;
				CLANG_WARN_INFINITE_RECURSION = YES;
				CLANG_WARN_INT_CONVERSION = YES;
				CLANG_WARN_NON_LITERAL_NULL_CONVERSION = YES;
				CLANG_WARN_OBJC_IMPLICIT_RETAIN_SELF = YES;
				CLANG_WARN_OBJC_LITERAL_CONVERSION = YES;
				CLANG_WARN_OBJC_ROOT_CLASS = YES_ERROR;
				CLANG_WARN_RANGE_LOOP_ANALYSIS = YES;
				CLANG_WARN_STRICT_PROTOTYPES = YES;
				CLANG_WARN_SUSPICIOUS_MOVE = YES;
				CLANG_WARN_UNGUARDED_AVAILABILITY = YES_AGGRESSIVE;
				CLANG_WARN_UNREACHABLE_CODE = YES;
				CLANG_WARN__DUPLICATE_METHOD_MATCH = YES;
				CODE_SIGN_IDENTITY = "iPhone Developer";
				COPY_PHASE_STRIP = NO;
				DEBUG_INFORMATION_FORMAT = "dwarf-with-dsym";
				ENABLE_NS_ASSERTIONS = NO;
				ENABLE_STRICT_OBJC_MSGSEND = YES;
				GCC_C_LANGUAGE_STANDARD = gnu11;
				GCC_NO_COMMON_BLOCKS = YES;
				GCC_WARN_64_TO_32_BIT_CONVERSION = YES;
				GCC_WARN_ABOUT_RETURN_TYPE = YES_ERROR;
				GCC_WARN_UNDECLARED_SELECTOR = YES;
				GCC_WARN_UNINITIALIZED_AUTOS = YES_AGGRESSIVE;
				GCC_WARN_UNUSED_FUNCTION = YES;
				GCC_WARN_UNUSED_VARIABLE = YES;
				IPHONEOS_DEPLOYMENT_TARGET = 12.1;
				MTL_ENABLE_DEBUG_INFO = NO;
				MTL_FAST_MATH = YES;
				SDKROOT = iphoneos;
				SWIFT_COMPILATION_MODE = wholemodule;
				SWIFT_OPTIMIZATION_LEVEL = "-O";
				VALIDATE_PRODUCT = YES;
			};
			name = Release;
		};
		DEF10A312204A7B800C594CD /* Debug */ = {
			isa = XCBuildConfiguration;
			buildSettings = {
				ASSETCATALOG_COMPILER_APPICON_NAME = AppIcon;
				CODE_SIGN_STYLE = Automatic;
				DEVELOPMENT_TEAM = 4MY4TRRN6T;
				INFOPLIST_FILE = FoodWaste/Info.plist;
				LD_RUNPATH_SEARCH_PATHS = (
					"$(inherited)",
					"@executable_path/Frameworks",
				);
				PRODUCT_BUNDLE_IDENTIFIER = michelemola.FoodWaste;
				PRODUCT_NAME = "$(TARGET_NAME)";
				SWIFT_VERSION = 4.2;
				TARGETED_DEVICE_FAMILY = "1,2";
			};
			name = Debug;
		};
		DEF10A322204A7B800C594CD /* Release */ = {
			isa = XCBuildConfiguration;
			buildSettings = {
				ASSETCATALOG_COMPILER_APPICON_NAME = AppIcon;
				CODE_SIGN_STYLE = Automatic;
				DEVELOPMENT_TEAM = 4MY4TRRN6T;
				INFOPLIST_FILE = FoodWaste/Info.plist;
				LD_RUNPATH_SEARCH_PATHS = (
					"$(inherited)",
					"@executable_path/Frameworks",
				);
				PRODUCT_BUNDLE_IDENTIFIER = michelemola.FoodWaste;
				PRODUCT_NAME = "$(TARGET_NAME)";
				SWIFT_VERSION = 4.2;
				TARGETED_DEVICE_FAMILY = "1,2";
			};
			name = Release;
		};
/* End XCBuildConfiguration section */

/* Begin XCConfigurationList section */
		DEF10A192204A7B700C594CD /* Build configuration list for PBXProject "FoodWaste" */ = {
			isa = XCConfigurationList;
			buildConfigurations = (
				DEF10A2E2204A7B800C594CD /* Debug */,
				DEF10A2F2204A7B800C594CD /* Release */,
			);
			defaultConfigurationIsVisible = 0;
			defaultConfigurationName = Release;
		};
		DEF10A302204A7B800C594CD /* Build configuration list for PBXNativeTarget "FoodWaste" */ = {
			isa = XCConfigurationList;
			buildConfigurations = (
				DEF10A312204A7B800C594CD /* Debug */,
				DEF10A322204A7B800C594CD /* Release */,
			);
			defaultConfigurationIsVisible = 0;
			defaultConfigurationName = Release;
		};
/* End XCConfigurationList section */
	};
	rootObject = DEF10A162204A7B700C594CD /* Project object */;
}
